
Microsoft Visual Studio Solution File, Format Version 12.00
# Visual Studio Version 17
VisualStudioVersion = 17.9.34622.214
MinimumVisualStudioVersion = 10.0.40219.1
Project("{FAE04EC0-301F-11D3-BF4B-00C04F79EFBC}") = "WindowsFormsApp1", "WindowsFormsApp1\WindowsFormsApp1.csproj", "{3E982F53-5597-46D8-AB1C-89DE844F3724}"
EndProject
Global
	GlobalSection(SolutionConfigurationPlatforms) = preSolution
		Debug|Any CPU = Debug|Any CPU
		Release|Any CPU = Release|Any CPU
	EndGlobalSection
	GlobalSection(ProjectConfigurationPlatforms) = postSolution
		{3E982F53-5597-46D8-AB1C-89DE844F3724}.Debug|Any CPU.ActiveCfg = Debug|Any CPU
		{3E982F53-5597-46D8-AB1C-89DE844F3724}.Debug|Any CPU.Build.0 = Debug|Any CPU
		{3E982F53-5597-46D8-AB1C-89DE844F3724}.Release|Any CPU.ActiveCfg = Release|Any CPU
		{3E982F53-5597-46D8-AB1C-89DE844F3724}.Release|Any CPU.Build.0 = Release|Any CPU
	EndGlobalSection
	GlobalSection(SolutionProperties) = preSolution
		HideSolutionNode = FALSE
	EndGlobalSection
	GlobalSection(ExtensibilityGlobals) = postSolution
		SolutionGuid = {F83679A9-2708-402E-8ABE-80AEDB7BA807}
	EndGlobalSection
EndGlobal
